{
    "_readme": [
        "This file locks the dependencies of your project to a known state",
        "Read more about it at https://getcomposer.org/doc/01-basic-usage.md#installing-dependencies",
        "This file is @generated automatically"
    ],
    "content-hash": "30e92782b626553ed3adb11bf412c106",
    "packages": [
        {
            "name": "hachther/mesomb-php",
            "version": "3.1.0",
            "source": {
                "type": "git",
                "url": "https://github.com/hachther/mesomb-php.git",
                "reference": "223d3ce8daab6b56dacd021ba7ee3483ce8f793c"
            },
            "dist": {
                "type": "zip",
                "url": "https://api.github.com/repos/hachther/mesomb-php/zipball/223d3ce8daab6b56dacd021ba7ee3483ce8f793c",
                "reference": "223d3ce8daab6b56dacd021ba7ee3483ce8f793c",
                "shasum": ""
            },
            "require": {
                "ext-curl": "*",
                "ext-json": "*",
                "ext-mbstring": "*",
                "ext-openssl": "*"
            },
            "require-dev": {
                "phpdocumentor/shim": "^3.6",
                "phpunit/phpunit": "^9.5"
            },
            "type": "library",
            "autoload": {
                "psr-4": {
                    "MeSomb\\": "src/"
                }
            },
            "notification-url": "https://packagist.org/downloads/",
            "license": [
                "MIT"
            ],
            "authors": [
                {
                    "name": "Hachther LLC",
                    "email": "contact@hachther.com"
                }
            ],
            "description": "MeSomb PHP Library",
            "keywords": [
                "Orange Money",
                "api",
                "mesomb",
                "mobile money",
                "payment processing"
            ],
            "support": {
                "issues": "https://github.com/hachther/mesomb-php/issues",
                "source": "https://github.com/hachther/mesomb-php/tree/3.1.0"
            },
            "time": "2025-03-24T20:13:48+00:00"
        }
    ],
    "packages-dev": [],
    "aliases": [],
    "minimum-stability": "stable",
    "stability-flags": {},
    "prefer-stable": false,
    "prefer-lowest": false,
    "platform": {},
    "platform-dev": {},
    "plugin-api-version": "2.6.0"
}
